
Microsoft Visual Studio Solution File, Format Version 12.00
# Visual Studio Version 17
VisualStudioVersion = 17.10.35013.160
MinimumVisualStudioVersion = 10.0.40219.1
Project("{FAE04EC0-301F-11D3-BF4B-00C04F79EFBC}") = "CrudTest25.Web", "CrudTest25.Web\CrudTest25.Web.csproj", "{D42EF781-847F-4D60-A2A1-E5DE6B9FC9BC}"
EndProject
Global
	GlobalSection(SolutionConfigurationPlatforms) = preSolution
		Debug|Any CPU = Debug|Any CPU
		Release|Any CPU = Release|Any CPU
	EndGlobalSection
	GlobalSection(ProjectConfigurationPlatforms) = postSolution
		{D42EF781-847F-4D60-A2A1-E5DE6B9FC9BC}.Debug|Any CPU.ActiveCfg = Debug|Any CPU
		{D42EF781-847F-4D60-A2A1-E5DE6B9FC9BC}.Debug|Any CPU.Build.0 = Debug|Any CPU
		{D42EF781-847F-4D60-A2A1-E5DE6B9FC9BC}.Release|Any CPU.ActiveCfg = Release|Any CPU
		{D42EF781-847F-4D60-A2A1-E5DE6B9FC9BC}.Release|Any CPU.Build.0 = Release|Any CPU
	EndGlobalSection
	GlobalSection(SolutionProperties) = preSolution
		HideSolutionNode = FALSE
	EndGlobalSection
	GlobalSection(ExtensibilityGlobals) = postSolution
		SolutionGuid = {8B5725BC-13D5-493F-89A5-5A3D802613CF}
	EndGlobalSection
EndGlobal
